// !$*UTF8*$!
{
	archiveVersion = 1;
	classes = {
	};
	objectVersion = 56;
	objects = {

/* Begin PBXBuildFile section */
		A20246882BA1E405008BA9C8 /* AppDelegate.swift in Sources */ = {isa = PBXBuildFile; fileRef = A20246872BA1E405008BA9C8 /* AppDelegate.swift */; };
		A202468A2BA1E405008BA9C8 /* SceneDelegate.swift in Sources */ = {isa = PBXBuildFile; fileRef = A20246892BA1E405008BA9C8 /* SceneDelegate.swift */; };
		A20246912BA1E406008BA9C8 /* Assets.xcassets in Resources */ = {isa = PBXBuildFile; fileRef = A20246902BA1E406008BA9C8 /* Assets.xcassets */; };
		A20246942BA1E406008BA9C8 /* LaunchScreen.storyboard in Resources */ = {isa = PBXBuildFile; fileRef = A20246922BA1E406008BA9C8 /* LaunchScreen.storyboard */; };
		A20246A32BA1E88E008BA9C8 /* MainScreenViewController.swift in Sources */ = {isa = PBXBuildFile; fileRef = A20246A22BA1E88E008BA9C8 /* MainScreenViewController.swift */; };
		A20246A52BA1E9BA008BA9C8 /* UIView_Pin.swift in Sources */ = {isa = PBXBuildFile; fileRef = A20246A42BA1E9BA008BA9C8 /* UIView_Pin.swift */; };
		A20246A72BA1EC28008BA9C8 /* SettingsViewController.swift in Sources */ = {isa = PBXBuildFile; fileRef = A20246A62BA1EC28008BA9C8 /* SettingsViewController.swift */; };
		A20246A92BA1F34D008BA9C8 /* Character.swift in Sources */ = {isa = PBXBuildFile; fileRef = A20246A82BA1F34D008BA9C8 /* Character.swift */; };
		A20246AB2BA20D25008BA9C8 /* CloudButton.swift in Sources */ = {isa = PBXBuildFile; fileRef = A20246AA2BA20D25008BA9C8 /* CloudButton.swift */; };
		A20246AD2BA2204F008BA9C8 /* CloudStack.swift in Sources */ = {isa = PBXBuildFile; fileRef = A20246AC2BA2204F008BA9C8 /* CloudStack.swift */; };
		A20246AF2BA237BF008BA9C8 /* AboutDevController.swift in Sources */ = {isa = PBXBuildFile; fileRef = A20246AE2BA237BF008BA9C8 /* AboutDevController.swift */; };
		A20246B32BA31E2E008BA9C8 /* HeroCell.swift in Sources */ = {isa = PBXBuildFile; fileRef = A20246B22BA31E2E008BA9C8 /* HeroCell.swift */; };
		A2069A0C2BA3856D0098365A /* MusicPlayer.swift in Sources */ = {isa = PBXBuildFile; fileRef = A2069A0B2BA3856D0098365A /* MusicPlayer.swift */; };
		A2069A0F2BA3ADC00098365A /* Cat.wav in Resources */ = {isa = PBXBuildFile; fileRef = A2069A0E2BA3ADC00098365A /* Cat.wav */; };
		A2069A112BA3AE8B0098365A /* backgroundMusic.wav in Resources */ = {isa = PBXBuildFile; fileRef = A2069A102BA3AE8B0098365A /* backgroundMusic.wav */; };
		A2069A162BA3D9900098365A /* DemoViewController.swift in Sources */ = {isa = PBXBuildFile; fileRef = A2069A152BA3D9900098365A /* DemoViewController.swift */; };
		A2069A182BA3D9CE0098365A /* OnboardingViewController..swift in Sources */ = {isa = PBXBuildFile; fileRef = A2069A172BA3D9CE0098365A /* OnboardingViewController..swift */; };
		A2069A1A2BA42B280098365A /* MainScreenInteractor.swift in Sources */ = {isa = PBXBuildFile; fileRef = A2069A192BA42B280098365A /* MainScreenInteractor.swift */; };
		A2069A1C2BA42B3C0098365A /* SettingsInteractor.swift in Sources */ = {isa = PBXBuildFile; fileRef = A2069A1B2BA42B3C0098365A /* SettingsInteractor.swift */; };
		A2069A1E2BA42B500098365A /* AboutDevInteractor.swift in Sources */ = {isa = PBXBuildFile; fileRef = A2069A1D2BA42B500098365A /* AboutDevInteractor.swift */; };
		A2069A202BA42B620098365A /* MainScreenRouter.swift in Sources */ = {isa = PBXBuildFile; fileRef = A2069A1F2BA42B620098365A /* MainScreenRouter.swift */; };
		A2069A222BA42B770098365A /* MainScreenPresenter.swift in Sources */ = {isa = PBXBuildFile; fileRef = A2069A212BA42B770098365A /* MainScreenPresenter.swift */; };
		A2069A242BA42B870098365A /* SettingsRouter.swift in Sources */ = {isa = PBXBuildFile; fileRef = A2069A232BA42B870098365A /* SettingsRouter.swift */; };
		A2069A262BA42B960098365A /* SettingsPresenter.swift in Sources */ = {isa = PBXBuildFile; fileRef = A2069A252BA42B960098365A /* SettingsPresenter.swift */; };
/* End PBXBuildFile section */

/* Begin PBXFileReference section */
		A20246842BA1E405008BA9C8 /* SleepMobApp.app */ = {isa = PBXFileReference; explicitFileType = wrapper.application; includeInIndex = 0; path = SleepMobApp.app; sourceTree = BUILT_PRODUCTS_DIR; };
		A20246872BA1E405008BA9C8 /* AppDelegate.swift */ = {isa = PBXFileReference; lastKnownFileType = sourcecode.swift; path = AppDelegate.swift; sourceTree = "<group>"; };
		A20246892BA1E405008BA9C8 /* SceneDelegate.swift */ = {isa = PBXFileReference; lastKnownFileType = sourcecode.swift; path = SceneDelegate.swift; sourceTree = "<group>"; };
		A20246902BA1E406008BA9C8 /* Assets.xcassets */ = {isa = PBXFileReference; lastKnownFileType = folder.assetcatalog; path = Assets.xcassets; sourceTree = "<group>"; };
		A20246932BA1E406008BA9C8 /* Base */ = {isa = PBXFileReference; lastKnownFileType = file.storyboard; name = Base; path = Base.lproj/LaunchScreen.storyboard; sourceTree = "<group>"; };
		A20246952BA1E406008BA9C8 /* Info.plist */ = {isa = PBXFileReference; lastKnownFileType = text.plist.xml; path = Info.plist; sourceTree = "<group>"; };
		A20246A22BA1E88E008BA9C8 /* MainScreenViewController.swift */ = {isa = PBXFileReference; lastKnownFileType = sourcecode.swift; path = MainScreenViewController.swift; sourceTree = "<group>"; };
		A20246A42BA1E9BA008BA9C8 /* UIView_Pin.swift */ = {isa = PBXFileReference; lastKnownFileType = sourcecode.swift; path = UIView_Pin.swift; sourceTree = "<group>"; };
		A20246A62BA1EC28008BA9C8 /* SettingsViewController.swift */ = {isa = PBXFileReference; lastKnownFileType = sourcecode.swift; path = SettingsViewController.swift; sourceTree = "<group>"; };
		A20246A82BA1F34D008BA9C8 /* Character.swift */ = {isa = PBXFileReference; lastKnownFileType = sourcecode.swift; path = Character.swift; sourceTree = "<group>"; };
		A20246AA2BA20D25008BA9C8 /* CloudButton.swift */ = {isa = PBXFileReference; lastKnownFileType = sourcecode.swift; path = CloudButton.swift; sourceTree = "<group>"; };
		A20246AC2BA2204F008BA9C8 /* CloudStack.swift */ = {isa = PBXFileReference; lastKnownFileType = sourcecode.swift; path = CloudStack.swift; sourceTree = "<group>"; };
		A20246AE2BA237BF008BA9C8 /* AboutDevController.swift */ = {isa = PBXFileReference; lastKnownFileType = sourcecode.swift; path = AboutDevController.swift; sourceTree = "<group>"; };
		A20246B22BA31E2E008BA9C8 /* HeroCell.swift */ = {isa = PBXFileReference; lastKnownFileType = sourcecode.swift; path = HeroCell.swift; sourceTree = "<group>"; };
		A2069A0B2BA3856D0098365A /* MusicPlayer.swift */ = {isa = PBXFileReference; lastKnownFileType = sourcecode.swift; path = MusicPlayer.swift; sourceTree = "<group>"; };
		A2069A0E2BA3ADC00098365A /* Cat.wav */ = {isa = PBXFileReference; lastKnownFileType = audio.wav; path = Cat.wav; sourceTree = "<group>"; };
		A2069A102BA3AE8B0098365A /* backgroundMusic.wav */ = {isa = PBXFileReference; lastKnownFileType = audio.wav; path = backgroundMusic.wav; sourceTree = "<group>"; };
		A2069A152BA3D9900098365A /* DemoViewController.swift */ = {isa = PBXFileReference; lastKnownFileType = sourcecode.swift; path = DemoViewController.swift; sourceTree = "<group>"; };
		A2069A172BA3D9CE0098365A /* OnboardingViewController..swift */ = {isa = PBXFileReference; lastKnownFileType = sourcecode.swift; path = OnboardingViewController..swift; sourceTree = "<group>"; };
		A2069A192BA42B280098365A /* MainScreenInteractor.swift */ = {isa = PBXFileReference; lastKnownFileType = sourcecode.swift; path = MainScreenInteractor.swift; sourceTree = "<group>"; };
		A2069A1B2BA42B3C0098365A /* SettingsInteractor.swift */ = {isa = PBXFileReference; lastKnownFileType = sourcecode.swift; path = SettingsInteractor.swift; sourceTree = "<group>"; };
		A2069A1D2BA42B500098365A /* AboutDevInteractor.swift */ = {isa = PBXFileReference; lastKnownFileType = sourcecode.swift; path = AboutDevInteractor.swift; sourceTree = "<group>"; };
		A2069A1F2BA42B620098365A /* MainScreenRouter.swift */ = {isa = PBXFileReference; lastKnownFileType = sourcecode.swift; path = MainScreenRouter.swift; sourceTree = "<group>"; };
		A2069A212BA42B770098365A /* MainScreenPresenter.swift */ = {isa = PBXFileReference; lastKnownFileType = sourcecode.swift; path = MainScreenPresenter.swift; sourceTree = "<group>"; };
		A2069A232BA42B870098365A /* SettingsRouter.swift */ = {isa = PBXFileReference; lastKnownFileType = sourcecode.swift; path = SettingsRouter.swift; sourceTree = "<group>"; };
		A2069A252BA42B960098365A /* SettingsPresenter.swift */ = {isa = PBXFileReference; lastKnownFileType = sourcecode.swift; path = SettingsPresenter.swift; sourceTree = "<group>"; };
/* End PBXFileReference section */

/* Begin PBXFrameworksBuildPhase section */
		A20246812BA1E405008BA9C8 /* Frameworks */ = {
			isa = PBXFrameworksBuildPhase;
			buildActionMask = 2147483647;
			files = (
			);
			runOnlyForDeploymentPostprocessing = 0;
		};
/* End PBXFrameworksBuildPhase section */

/* Begin PBXGroup section */
		A202467B2BA1E404008BA9C8 = {
			isa = PBXGroup;
			children = (
				A20246862BA1E405008BA9C8 /* SleepMobApp */,
				A20246852BA1E405008BA9C8 /* Products */,
			);
			sourceTree = "<group>";
		};
		A20246852BA1E405008BA9C8 /* Products */ = {
			isa = PBXGroup;
			children = (
				A20246842BA1E405008BA9C8 /* SleepMobApp.app */,
			);
			name = Products;
			sourceTree = "<group>";
		};
		A20246862BA1E405008BA9C8 /* SleepMobApp */ = {
			isa = PBXGroup;
			children = (
				A2069A142BA3D97C0098365A /* Onboarding */,
				A2069A0D2BA3ACD40098365A /* Sound */,
				A20246A12BA1E848008BA9C8 /* Models */,
				A20246A02BA1E825008BA9C8 /* Views */,
				A202469B2BA1E72A008BA9C8 /* ViewControllers */,
				A202469E2BA1E7AB008BA9C8 /* Interactors */,
				A202469D2BA1E792008BA9C8 /* Routers */,
				A202469C2BA1E784008BA9C8 /* Presenters */,
				A202469F2BA1E7EE008BA9C8 /* Workers */,
				A20246872BA1E405008BA9C8 /* AppDelegate.swift */,
				A20246892BA1E405008BA9C8 /* SceneDelegate.swift */,
				A20246A42BA1E9BA008BA9C8 /* UIView_Pin.swift */,
				A20246902BA1E406008BA9C8 /* Assets.xcassets */,
				A20246922BA1E406008BA9C8 /* LaunchScreen.storyboard */,
				A20246952BA1E406008BA9C8 /* Info.plist */,
				A2069A0B2BA3856D0098365A /* MusicPlayer.swift */,
			);
			path = SleepMobApp;
			sourceTree = "<group>";
		};
		A202469B2BA1E72A008BA9C8 /* ViewControllers */ = {
			isa = PBXGroup;
			children = (
				A20246A22BA1E88E008BA9C8 /* MainScreenViewController.swift */,
				A20246A62BA1EC28008BA9C8 /* SettingsViewController.swift */,
				A20246AE2BA237BF008BA9C8 /* AboutDevController.swift */,
			);
			path = ViewControllers;
			sourceTree = "<group>";
		};
		A202469C2BA1E784008BA9C8 /* Presenters */ = {
			isa = PBXGroup;
			children = (
				A2069A212BA42B770098365A /* MainScreenPresenter.swift */,
				A2069A252BA42B960098365A /* SettingsPresenter.swift */,
			);
			path = Presenters;
			sourceTree = "<group>";
		};
		A202469D2BA1E792008BA9C8 /* Routers */ = {
			isa = PBXGroup;
			children = (
				A2069A1F2BA42B620098365A /* MainScreenRouter.swift */,
				A2069A232BA42B870098365A /* SettingsRouter.swift */,
			);
			path = Routers;
			sourceTree = "<group>";
		};
		A202469E2BA1E7AB008BA9C8 /* Interactors */ = {
			isa = PBXGroup;
			children = (
				A2069A192BA42B280098365A /* MainScreenInteractor.swift */,
				A2069A1B2BA42B3C0098365A /* SettingsInteractor.swift */,
				A2069A1D2BA42B500098365A /* AboutDevInteractor.swift */,
			);
			path = Interactors;
			sourceTree = "<group>";
		};
		A202469F2BA1E7EE008BA9C8 /* Workers */ = {
			isa = PBXGroup;
			children = (
			);
			path = Workers;
			sourceTree = "<group>";
		};
		A20246A02BA1E825008BA9C8 /* Views */ = {
			isa = PBXGroup;
			children = (
				A20246AA2BA20D25008BA9C8 /* CloudButton.swift */,
				A20246AC2BA2204F008BA9C8 /* CloudStack.swift */,
				A20246B22BA31E2E008BA9C8 /* HeroCell.swift */,
			);
			path = Views;
			sourceTree = "<group>";
		};
		A20246A12BA1E848008BA9C8 /* Models */ = {
			isa = PBXGroup;
			children = (
				A20246A82BA1F34D008BA9C8 /* Character.swift */,
			);
			path = Models;
			sourceTree = "<group>";
		};
		A2069A0D2BA3ACD40098365A /* Sound */ = {
			isa = PBXGroup;
			children = (
				A2069A102BA3AE8B0098365A /* backgroundMusic.wav */,
				A2069A0E2BA3ADC00098365A /* Cat.wav */,
			);
			path = Sound;
			sourceTree = "<group>";
		};
		A2069A142BA3D97C0098365A /* Onboarding */ = {
			isa = PBXGroup;
			children = (
				A2069A152BA3D9900098365A /* DemoViewController.swift */,
				A2069A172BA3D9CE0098365A /* OnboardingViewController..swift */,
			);
			path = Onboarding;
			sourceTree = "<group>";
		};
/* End PBXGroup section */

/* Begin PBXNativeTarget section */
		A20246832BA1E405008BA9C8 /* SleepMobApp */ = {
			isa = PBXNativeTarget;
			buildConfigurationList = A20246982BA1E406008BA9C8 /* Build configuration list for PBXNativeTarget "SleepMobApp" */;
			buildPhases = (
				A20246802BA1E405008BA9C8 /* Sources */,
				A20246812BA1E405008BA9C8 /* Frameworks */,
				A20246822BA1E405008BA9C8 /* Resources */,
			);
			buildRules = (
			);
			dependencies = (
			);
			name = SleepMobApp;
			productName = SleepMobApp;
			productReference = A20246842BA1E405008BA9C8 /* SleepMobApp.app */;
			productType = "com.apple.product-type.application";
		};
/* End PBXNativeTarget section */

/* Begin PBXProject section */
		A202467C2BA1E404008BA9C8 /* Project object */ = {
			isa = PBXProject;
			attributes = {
				BuildIndependentTargetsInParallel = 1;
				LastSwiftUpdateCheck = 1520;
				LastUpgradeCheck = 1520;
				TargetAttributes = {
					A20246832BA1E405008BA9C8 = {
						CreatedOnToolsVersion = 15.2;
					};
				};
			};
			buildConfigurationList = A202467F2BA1E405008BA9C8 /* Build configuration list for PBXProject "SleepMobApp" */;
			compatibilityVersion = "Xcode 14.0";
			developmentRegion = en;
			hasScannedForEncodings = 0;
			knownRegions = (
				en,
				Base,
			);
			mainGroup = A202467B2BA1E404008BA9C8;
			productRefGroup = A20246852BA1E405008BA9C8 /* Products */;
			projectDirPath = "";
			projectRoot = "";
			targets = (
				A20246832BA1E405008BA9C8 /* SleepMobApp */,
			);
		};
/* End PBXProject section */

/* Begin PBXResourcesBuildPhase section */
		A20246822BA1E405008BA9C8 /* Resources */ = {
			isa = PBXResourcesBuildPhase;
			buildActionMask = 2147483647;
			files = (
				A2069A112BA3AE8B0098365A /* backgroundMusic.wav in Resources */,
				A2069A0F2BA3ADC00098365A /* Cat.wav in Resources */,
				A20246942BA1E406008BA9C8 /* LaunchScreen.storyboard in Resources */,
				A20246912BA1E406008BA9C8 /* Assets.xcassets in Resources */,
			);
			runOnlyForDeploymentPostprocessing = 0;
		};
/* End PBXResourcesBuildPhase section */

/* Begin PBXSourcesBuildPhase section */
		A20246802BA1E405008BA9C8 /* Sources */ = {
			isa = PBXSourcesBuildPhase;
			buildActionMask = 2147483647;
			files = (
				A2069A182BA3D9CE0098365A /* OnboardingViewController..swift in Sources */,
				A2069A1A2BA42B280098365A /* MainScreenInteractor.swift in Sources */,
				A2069A242BA42B870098365A /* SettingsRouter.swift in Sources */,
				A2069A0C2BA3856D0098365A /* MusicPlayer.swift in Sources */,
				A20246AD2BA2204F008BA9C8 /* CloudStack.swift in Sources */,
				A20246A32BA1E88E008BA9C8 /* MainScreenViewController.swift in Sources */,
				A2069A162BA3D9900098365A /* DemoViewController.swift in Sources */,
				A20246882BA1E405008BA9C8 /* AppDelegate.swift in Sources */,
				A20246A52BA1E9BA008BA9C8 /* UIView_Pin.swift in Sources */,
				A2069A1E2BA42B500098365A /* AboutDevInteractor.swift in Sources */,
				A2069A1C2BA42B3C0098365A /* SettingsInteractor.swift in Sources */,
				A20246AF2BA237BF008BA9C8 /* AboutDevController.swift in Sources */,
				A2069A222BA42B770098365A /* MainScreenPresenter.swift in Sources */,
				A20246B32BA31E2E008BA9C8 /* HeroCell.swift in Sources */,
				A20246AB2BA20D25008BA9C8 /* CloudButton.swift in Sources */,
				A20246A92BA1F34D008BA9C8 /* Character.swift in Sources */,
				A20246A72BA1EC28008BA9C8 /* SettingsViewController.swift in Sources */,
				A2069A202BA42B620098365A /* MainScreenRouter.swift in Sources */,
				A202468A2BA1E405008BA9C8 /* SceneDelegate.swift in Sources */,
				A2069A262BA42B960098365A /* SettingsPresenter.swift in Sources */,
			);
			runOnlyForDeploymentPostprocessing = 0;
		};
/* End PBXSourcesBuildPhase section */

/* Begin PBXVariantGroup section */
		A20246922BA1E406008BA9C8 /* LaunchScreen.storyboard */ = {
			isa = PBXVariantGroup;
			children = (
				A20246932BA1E406008BA9C8 /* Base */,
			);
			name = LaunchScreen.storyboard;
			sourceTree = "<group>";
		};
/* End PBXVariantGroup section */

/* Begin XCBuildConfiguration section */
		A20246962BA1E406008BA9C8 /* Debug */ = {
			isa = XCBuildConfiguration;
			buildSettings = {
				ALWAYS_SEARCH_USER_PATHS = NO;
				ASSETCATALOG_COMPILER_GENERATE_SWIFT_ASSET_SYMBOL_EXTENSIONS = YES;
				CLANG_ANALYZER_NONNULL = YES;
				CLANG_ANALYZER_NUMBER_OBJECT_CONVERSION = YES_AGGRESSIVE;
				CLANG_CXX_LANGUAGE_STANDARD = "gnu++20";
				CLANG_ENABLE_MODULES = YES;
				CLANG_ENABLE_OBJC_ARC = YES;
				CLANG_ENABLE_OBJC_WEAK = YES;
				CLANG_WARN_BLOCK_CAPTURE_AUTORELEASING = YES;
				CLANG_WARN_BOOL_CONVERSION = YES;
				CLANG_WARN_COMMA = YES;
				CLANG_WARN_CONSTANT_CONVERSION = YES;
				CLANG_WARN_DEPRECATED_OBJC_IMPLEMENTATIONS = YES;
				CLANG_WARN_DIRECT_OBJC_ISA_USAGE = YES_ERROR;
				CLANG_WARN_DOCUMENTATION_COMMENTS = YES;
				CLANG_WARN_EMPTY_BODY = YES;
				CLANG_WARN_ENUM_CONVERSION = YES;
				CLANG_WARN_INFINITE_RECURSION = YES;
				CLANG_WARN_INT_CONVERSION = YES;
				CLANG_WARN_NON_LITERAL_NULL_CONVERSION = YES;
				CLANG_WARN_OBJC_IMPLICIT_RETAIN_SELF = YES;
				CLANG_WARN_OBJC_LITERAL_CONVERSION = YES;
				CLANG_WARN_OBJC_ROOT_CLASS = YES_ERROR;
				CLANG_WARN_QUOTED_INCLUDE_IN_FRAMEWORK_HEADER = YES;
				CLANG_WARN_RANGE_LOOP_ANALYSIS = YES;
				CLANG_WARN_STRICT_PROTOTYPES = YES;
				CLANG_WARN_SUSPICIOUS_MOVE = YES;
				CLANG_WARN_UNGUARDED_AVAILABILITY = YES_AGGRESSIVE;
				CLANG_WARN_UNREACHABLE_CODE = YES;
				CLANG_WARN__DUPLICATE_METHOD_MATCH = YES;
				COPY_PHASE_STRIP = NO;
				DEBUG_INFORMATION_FORMAT = dwarf;
				ENABLE_STRICT_OBJC_MSGSEND = YES;
				ENABLE_TESTABILITY = YES;
				ENABLE_USER_SCRIPT_SANDBOXING = YES;
				GCC_C_LANGUAGE_STANDARD = gnu17;
				GCC_DYNAMIC_NO_PIC = NO;
				GCC_NO_COMMON_BLOCKS = YES;
				GCC_OPTIMIZATION_LEVEL = 0;
				GCC_PREPROCESSOR_DEFINITIONS = (
					"DEBUG=1",
					"$(inherited)",
				);
				GCC_WARN_64_TO_32_BIT_CONVERSION = YES;
				GCC_WARN_ABOUT_RETURN_TYPE = YES_ERROR;
				GCC_WARN_UNDECLARED_SELECTOR = YES;
				GCC_WARN_UNINITIALIZED_AUTOS = YES_AGGRESSIVE;
				GCC_WARN_UNUSED_FUNCTION = YES;
				GCC_WARN_UNUSED_VARIABLE = YES;
				IPHONEOS_DEPLOYMENT_TARGET = 17.2;
				LOCALIZATION_PREFERS_STRING_CATALOGS = YES;
				MTL_ENABLE_DEBUG_INFO = INCLUDE_SOURCE;
				MTL_FAST_MATH = YES;
				ONLY_ACTIVE_ARCH = YES;
				SDKROOT = iphoneos;
				SWIFT_ACTIVE_COMPILATION_CONDITIONS = "DEBUG $(inherited)";
				SWIFT_OPTIMIZATION_LEVEL = "-Onone";
			};
			name = Debug;
		};
		A20246972BA1E406008BA9C8 /* Release */ = {
			isa = XCBuildConfiguration;
			buildSettings = {
				ALWAYS_SEARCH_USER_PATHS = NO;
				ASSETCATALOG_COMPILER_GENERATE_SWIFT_ASSET_SYMBOL_EXTENSIONS = YES;
				CLANG_ANALYZER_NONNULL = YES;
				CLANG_ANALYZER_NUMBER_OBJECT_CONVERSION = YES_AGGRESSIVE;
				CLANG_CXX_LANGUAGE_STANDARD = "gnu++20";
				CLANG_ENABLE_MODULES = YES;
				CLANG_ENABLE_OBJC_ARC = YES;
				CLANG_ENABLE_OBJC_WEAK = YES;
				CLANG_WARN_BLOCK_CAPTURE_AUTORELEASING = YES;
				CLANG_WARN_BOOL_CONVERSION = YES;
				CLANG_WARN_COMMA = YES;
				CLANG_WARN_CONSTANT_CONVERSION = YES;
				CLANG_WARN_DEPRECATED_OBJC_IMPLEMENTATIONS = YES;
				CLANG_WARN_DIRECT_OBJC_ISA_USAGE = YES_ERROR;
				CLANG_WARN_DOCUMENTATION_COMMENTS = YES;
				CLANG_WARN_EMPTY_BODY = YES;
				CLANG_WARN_ENUM_CONVERSION = YES;
				CLANG_WARN_INFINITE_RECURSION = YES;
				CLANG_WARN_INT_CONVERSION = YES;
				CLANG_WARN_NON_LITERAL_NULL_CONVERSION = YES;
				CLANG_WARN_OBJC_IMPLICIT_RETAIN_SELF = YES;
				CLANG_WARN_OBJC_LITERAL_CONVERSION = YES;
				CLANG_WARN_OBJC_ROOT_CLASS = YES_ERROR;
				CLANG_WARN_QUOTED_INCLUDE_IN_FRAMEWORK_HEADER = YES;
				CLANG_WARN_RANGE_LOOP_ANALYSIS = YES;
				CLANG_WARN_STRICT_PROTOTYPES = YES;
				CLANG_WARN_SUSPICIOUS_MOVE = YES;
				CLANG_WARN_UNGUARDED_AVAILABILITY = YES_AGGRESSIVE;
				CLANG_WARN_UNREACHABLE_CODE = YES;
				CLANG_WARN__DUPLICATE_METHOD_MATCH = YES;
				COPY_PHASE_STRIP = NO;
				DEBUG_INFORMATION_FORMAT = "dwarf-with-dsym";
				ENABLE_NS_ASSERTIONS = NO;
				ENABLE_STRICT_OBJC_MSGSEND = YES;
				ENABLE_USER_SCRIPT_SANDBOXING = YES;
				GCC_C_LANGUAGE_STANDARD = gnu17;
				GCC_NO_COMMON_BLOCKS = YES;
				GCC_WARN_64_TO_32_BIT_CONVERSION = YES;
				GCC_WARN_ABOUT_RETURN_TYPE = YES_ERROR;
				GCC_WARN_UNDECLARED_SELECTOR = YES;
				GCC_WARN_UNINITIALIZED_AUTOS = YES_AGGRESSIVE;
				GCC_WARN_UNUSED_FUNCTION = YES;
				GCC_WARN_UNUSED_VARIABLE = YES;
				IPHONEOS_DEPLOYMENT_TARGET = 17.2;
				LOCALIZATION_PREFERS_STRING_CATALOGS = YES;
				MTL_ENABLE_DEBUG_INFO = NO;
				MTL_FAST_MATH = YES;
				SDKROOT = iphoneos;
				SWIFT_COMPILATION_MODE = wholemodule;
				VALIDATE_PRODUCT = YES;
			};
			name = Release;
		};
		A20246992BA1E406008BA9C8 /* Debug */ = {
			isa = XCBuildConfiguration;
			buildSettings = {
				ASSETCATALOG_COMPILER_APPICON_NAME = AppIcon;
				ASSETCATALOG_COMPILER_GLOBAL_ACCENT_COLOR_NAME = AccentColor;
				CODE_SIGN_STYLE = Automatic;
				CURRENT_PROJECT_VERSION = 1;
				GENERATE_INFOPLIST_FILE = YES;
				INFOPLIST_FILE = SleepMobApp/Info.plist;
				INFOPLIST_KEY_UIApplicationSupportsIndirectInputEvents = YES;
				INFOPLIST_KEY_UILaunchStoryboardName = LaunchScreen;
				INFOPLIST_KEY_UISupportedInterfaceOrientations_iPad = "UIInterfaceOrientationPortrait UIInterfaceOrientationPortraitUpsideDown UIInterfaceOrientationLandscapeLeft UIInterfaceOrientationLandscapeRight";
				INFOPLIST_KEY_UISupportedInterfaceOrientations_iPhone = "UIInterfaceOrientationPortrait UIInterfaceOrientationLandscapeLeft UIInterfaceOrientationLandscapeRight";
				LD_RUNPATH_SEARCH_PATHS = (
					"$(inherited)",
					"@executable_path/Frameworks",
				);
				MARKETING_VERSION = 1.0;
				PRODUCT_BUNDLE_IDENTIFIER = program.SleepMobApp;
				PRODUCT_NAME = "$(TARGET_NAME)";
				SWIFT_EMIT_LOC_STRINGS = YES;
				SWIFT_VERSION = 5.0;
				TARGETED_DEVICE_FAMILY = "1,2";
			};
			name = Debug;
		};
		A202469A2BA1E406008BA9C8 /* Release */ = {
			isa = XCBuildConfiguration;
			buildSettings = {
				ASSETCATALOG_COMPILER_APPICON_NAME = AppIcon;
				ASSETCATALOG_COMPILER_GLOBAL_ACCENT_COLOR_NAME = AccentColor;
				CODE_SIGN_STYLE = Automatic;
				CURRENT_PROJECT_VERSION = 1;
				GENERATE_INFOPLIST_FILE = YES;
				INFOPLIST_FILE = SleepMobApp/Info.plist;
				INFOPLIST_KEY_UIApplicationSupportsIndirectInputEvents = YES;
				INFOPLIST_KEY_UILaunchStoryboardName = LaunchScreen;
				INFOPLIST_KEY_UISupportedInterfaceOrientations_iPad = "UIInterfaceOrientationPortrait UIInterfaceOrientationPortraitUpsideDown UIInterfaceOrientationLandscapeLeft UIInterfaceOrientationLandscapeRight";
				INFOPLIST_KEY_UISupportedInterfaceOrientations_iPhone = "UIInterfaceOrientationPortrait UIInterfaceOrientationLandscapeLeft UIInterfaceOrientationLandscapeRight";
				LD_RUNPATH_SEARCH_PATHS = (
					"$(inherited)",
					"@executable_path/Frameworks",
				);
				MARKETING_VERSION = 1.0;
				PRODUCT_BUNDLE_IDENTIFIER = program.SleepMobApp;
				PRODUCT_NAME = "$(TARGET_NAME)";
				SWIFT_EMIT_LOC_STRINGS = YES;
				SWIFT_VERSION = 5.0;
				TARGETED_DEVICE_FAMILY = "1,2";
			};
			name = Release;
		};
/* End XCBuildConfiguration section */

/* Begin XCConfigurationList section */
		A202467F2BA1E405008BA9C8 /* Build configuration list for PBXProject "SleepMobApp" */ = {
			isa = XCConfigurationList;
			buildConfigurations = (
				A20246962BA1E406008BA9C8 /* Debug */,
				A20246972BA1E406008BA9C8 /* Release */,
			);
			defaultConfigurationIsVisible = 0;
			defaultConfigurationName = Release;
		};
		A20246982BA1E406008BA9C8 /* Build configuration list for PBXNativeTarget "SleepMobApp" */ = {
			isa = XCConfigurationList;
			buildConfigurations = (
				A20246992BA1E406008BA9C8 /* Debug */,
				A202469A2BA1E406008BA9C8 /* Release */,
			);
			defaultConfigurationIsVisible = 0;
			defaultConfigurationName = Release;
		};
/* End XCConfigurationList section */
	};
	rootObject = A202467C2BA1E404008BA9C8 /* Project object */;
}
